PODS:
  - app_tracking_transparency (0.0.1):
    - Flutter
  - Flutter (1.0.0)
  - ironsource_mediation (1.1.0):
    - Flutter
    - IronSourceSDK (= 7.2.1.2)
  - IronSourceSDK (7.2.1.2)
  - shared_preferences_foundation (0.0.1):
    - Flutter
    - FlutterMacOS

DEPENDENCIES:
  - app_tracking_transparency (from `.symlinks/plugins/app_tracking_transparency/ios`)
  - Flutter (from `Flutter`)
  - ironsource_mediation (from `.symlinks/plugins/ironsource_mediation/ios`)
  - IronSourceSDK
  - shared_preferences_foundation (from `.symlinks/plugins/shared_preferences_foundation/ios`)

SPEC REPOS:
  trunk:
    - IronSourceSDK

EXTERNAL SOURCES:
  app_tracking_transparency:
    :path: ".symlinks/plugins/app_tracking_transparency/ios"
  Flutter:
    :path: Flutter
  ironsource_mediation:
    :path: ".symlinks/plugins/ironsource_mediation/ios"
  shared_preferences_foundation:
    :path: ".symlinks/plugins/shared_preferences_foundation/ios"

SPEC CHECKSUMS:
  app_tracking_transparency: 5b1745ef9ade815f7455cb6a0848349589afb7c5
  Flutter: f04841e97a9d0b0a8025694d0796dd46242b2854
  ironsource_mediation: 116bccaa28434e565966c65beb91b4c9d2a32d83
  IronSourceSDK: 58febda45afa4b16f91dacb1b3541737ae3fedb3
  shared_preferences_foundation: 297b3ebca31b34ec92be11acd7fb0ba932c822ca

PODFILE CHECKSUM: 25e15784a791dd508d636432cb418e4b89bba2fd

COCOAPODS: 1.11.3
